
Microsoft Visual Studio Solution File, Format Version 12.00
# Visual Studio Version 17
VisualStudioVersion = 17.9.34714.143
MinimumVisualStudioVersion = 10.0.40219.1
Project("{FAE04EC0-301F-11D3-BF4B-00C04F79EFBC}") = "APINttShop", "APINttShop\APINttShop.csproj", "{AC6458D5-FF26-4A19-816E-AE01FABAA6D3}"
EndProject
Global
	GlobalSection(SolutionConfigurationPlatforms) = preSolution
		Debug|Any CPU = Debug|Any CPU
		Release|Any CPU = Release|Any CPU
	EndGlobalSection
	GlobalSection(ProjectConfigurationPlatforms) = postSolution
		{AC6458D5-FF26-4A19-816E-AE01FABAA6D3}.Debug|Any CPU.ActiveCfg = Debug|Any CPU
		{AC6458D5-FF26-4A19-816E-AE01FABAA6D3}.Debug|Any CPU.Build.0 = Debug|Any CPU
		{AC6458D5-FF26-4A19-816E-AE01FABAA6D3}.Release|Any CPU.ActiveCfg = Release|Any CPU
		{AC6458D5-FF26-4A19-816E-AE01FABAA6D3}.Release|Any CPU.Build.0 = Release|Any CPU
	EndGlobalSection
	GlobalSection(SolutionProperties) = preSolution
		HideSolutionNode = FALSE
	EndGlobalSection
	GlobalSection(ExtensibilityGlobals) = postSolution
		SolutionGuid = {1005177C-AE31-47B3-B6F2-9C38DFBE8B94}
	EndGlobalSection
EndGlobal
